github.com/StackExchange/wmi v0.0.0-20190523213315-cbe66965904d h1:G0m3OIz70MZUWq3EgK3CesDbo8upS2Vm9/P3FtgI+Jk=
github.com/StackExchange/wmi v0.0.0-20190523213315-cbe66965904d/go.mod h1:3eOhrUMpNV+6aFIbp5/iudMxNCF27Vw2OZgy4xEx0Fg=
github.com/go-ole/go-ole v1.2.4 h1:nNBDSCOigTSiarFpYE9J/KtEA1IOW4CNeqT9TQDqCxI=
github.com/go-ole/go-ole v1.2.4/go.mod h1:XCwSNxSkXRo4vlyPy93sltvi/qJq0jqQhjqQNIwKuxM=
github.com/golang/net v0.0.0-20190812203447-cdfb69ac37fc h1:ANlSYw21rkVMLEZGosY7p2hFSi/JitYbABaYmw7Tv4A=
github.com/golang/net v0.0.0-20190812203447-cdfb69ac37fc/go.mod h1:98y8FxUyMjTdJ5eOj/8vzuiVO14/dkJ98NYhEPG8QGY=
github.com/golang/sys v0.0.0-20200219091948-cb0a6d8edb6c h1:P0qfvHUPvSDh7ep7DhB6mj2SLppa2G2VqQb+KRBBidU=
github.com/golang/sys v0.0.0-20200219091948-cb0a6d8edb6c/go.mod h1:h1NjWce9XRLGQEsW7wpKNCjG9DtNlClVuFLEZdDNbEs=
github.com/gorilla/mux v1.7.4 h1:VuZ8uybHlWmqV03+zRzdwKL4tUnIp1MAQtp1mIFE1bc=
github.com/gorilla/mux v1.7.4/go.mod h1:DVbg23sWSpFRCP0SfiEN6jmj59UnW/n46BH5rLB71So=
github.com/gorilla/websocket v1.4.1 h1:q7AeDBpnBk8AogcD4DSag/Ukw/KV+YhzLj2bP5HvKCM=
github.com/gorilla/websocket v1.4.1/go.mod h1:YR8l580nyteQvAITg2hZ9XVh4b55+EU/adAjf1fMHhE=
github.com/libvirt/libvirt-go v5.10.0+incompatible h1:01fwkdUHH2hk4YyFNCr48OvSGqXYLzp9cofUpeyeLNc=
github.com/libvirt/libvirt-go v5.10.0+incompatible/go.mod h1:34zsnB4iGeOv7Byj6qotuW8Ya4v4Tr43ttjz/F0wjLE=
github.com/pkg/errors v0.9.1 h1:FEBLx1zS214owpjy7qsBeixbURkuhQAwrK5UwLGTwt4=
github.com/pkg/errors v0.9.1/go.mod h1:bwawxfHBFNV+L2hUp1rHADufV3IMtnDRdf1r5NINEl0=
github.com/quadrifoglio/go-qemu v0.0.0-20170212183343-c95730abf426 h1:ia4LPjgmxjPARk1s3o0nmVNUfdw2A0m/ft4ibyUokyY=
github.com/quadrifoglio/go-qemu v0.0.0-20170212183343-c95730abf426/go.mod h1:P9Eay2JynPJbHPsIDtPnQ9O+pmAZXqX/CYZ/SFpWTcs=
github.com/shirou/gopsutil v2.20.1+incompatible h1:oIq9Cq4i84Hk8uQAUOG3eNdI/29hBawGrD5YRl6JRDY=
github.com/shirou/gopsutil v2.20.1+incompatible/go.mod h1:5b4v6he4MtMOwMlS0TUMTu2PcXUg8+E1lC7eC3UO/RA=
github.com/zchee/go-qcow2 v0.0.0-20170102190316-9a991fd172f0 h1:dyzM+LWIb64QGUsDUZ2y6e2NkkqejOv8PEv05ajx1co=
github.com/zchee/go-qcow2 v0.0.0-20170102190316-9a991fd172f0/go.mod h1:XO8ymgJzGFNntEd5L8yc0l1wyz3T5DbQD4lguyldfMA=
